// !$*UTF8*$!
{
	archiveVersion = 1;
	classes = {
	};
	objectVersion = 77;
	objects = {

/* Begin PBXContainerItemProxy section */
		07FE202B2D0030EB00CE3154 /* PBXContainerItemProxy */ = {
			isa = PBXContainerItemProxy;
			containerPortal = 07FE20122D0030EA00CE3154 /* Project object */;
			proxyType = 1;
			remoteGlobalIDString = 07FE20192D0030EA00CE3154;
			remoteInfo = "trekker-app-ios";
		};
		07FE20352D0030EB00CE3154 /* PBXContainerItemProxy */ = {
			isa = PBXContainerItemProxy;
			containerPortal = 07FE20122D0030EA00CE3154 /* Project object */;
			proxyType = 1;
			remoteGlobalIDString = 07FE20192D0030EA00CE3154;
			remoteInfo = "trekker-app-ios";
		};
/* End PBXContainerItemProxy section */

/* Begin PBXFileReference section */
		07FE201A2D0030EA00CE3154 /* trekker-app-ios.app */ = {isa = PBXFileReference; explicitFileType = wrapper.application; includeInIndex = 0; path = "trekker-app-ios.app"; sourceTree = BUILT_PRODUCTS_DIR; };
		07FE202A2D0030EB00CE3154 /* trekker-app-iosTests.xctest */ = {isa = PBXFileReference; explicitFileType = wrapper.cfbundle; includeInIndex = 0; path = "trekker-app-iosTests.xctest"; sourceTree = BUILT_PRODUCTS_DIR; };
		07FE20342D0030EB00CE3154 /* trekker-app-iosUITests.xctest */ = {isa = PBXFileReference; explicitFileType = wrapper.cfbundle; includeInIndex = 0; path = "trekker-app-iosUITests.xctest"; sourceTree = BUILT_PRODUCTS_DIR; };
/* End PBXFileReference section */

/* Begin PBXFileSystemSynchronizedRootGroup section */
		07FE201C2D0030EA00CE3154 /* trekker-app-ios */ = {
			isa = PBXFileSystemSynchronizedRootGroup;
			path = "trekker-app-ios";
			sourceTree = "<group>";
		};
		07FE202D2D0030EB00CE3154 /* trekker-app-iosTests */ = {
			isa = PBXFileSystemSynchronizedRootGroup;
			path = "trekker-app-iosTests";
			sourceTree = "<group>";
		};
		07FE20372D0030EB00CE3154 /* trekker-app-iosUITests */ = {
			isa = PBXFileSystemSynchronizedRootGroup;
			path = "trekker-app-iosUITests";
			sourceTree = "<group>";
		};
/* End PBXFileSystemSynchronizedRootGroup section */

/* Begin PBXFrameworksBuildPhase section */
		07FE20172D0030EA00CE3154 /* Frameworks */ = {
			isa = PBXFrameworksBuildPhase;
			buildActionMask = 2147483647;
			files = (
			);
			runOnlyForDeploymentPostprocessing = 0;
		};
		07FE20272D0030EB00CE3154 /* Frameworks */ = {
			isa = PBXFrameworksBuildPhase;
			buildActionMask = 2147483647;
			files = (
			);
			runOnlyForDeploymentPostprocessing = 0;
		};
		07FE20312D0030EB00CE3154 /* Frameworks */ = {
			isa = PBXFrameworksBuildPhase;
			buildActionMask = 2147483647;
			files = (
			);
			runOnlyForDeploymentPostprocessing = 0;
		};
/* End PBXFrameworksBuildPhase section */

/* Begin PBXGroup section */
		07FE20112D0030EA00CE3154 = {
			isa = PBXGroup;
			children = (
				07FE201C2D0030EA00CE3154 /* trekker-app-ios */,
				07FE202D2D0030EB00CE3154 /* trekker-app-iosTests */,
				07FE20372D0030EB00CE3154 /* trekker-app-iosUITests */,
				07FE201B2D0030EA00CE3154 /* Products */,
			);
			sourceTree = "<group>";
		};
		07FE201B2D0030EA00CE3154 /* Products */ = {
			isa = PBXGroup;
			children = (
				07FE201A2D0030EA00CE3154 /* trekker-app-ios.app */,
				07FE202A2D0030EB00CE3154 /* trekker-app-iosTests.xctest */,
				07FE20342D0030EB00CE3154 /* trekker-app-iosUITests.xctest */,
			);
			name = Products;
			sourceTree = "<group>";
		};
/* End PBXGroup section */

/* Begin PBXNativeTarget section */
		07FE20192D0030EA00CE3154 /* trekker-app-ios */ = {
			isa = PBXNativeTarget;
			buildConfigurationList = 07FE203E2D0030EB00CE3154 /* Build configuration list for PBXNativeTarget "trekker-app-ios" */;
			buildPhases = (
				07FE20162D0030EA00CE3154 /* Sources */,
				07FE20172D0030EA00CE3154 /* Frameworks */,
				07FE20182D0030EA00CE3154 /* Resources */,
			);
			buildRules = (
			);
			dependencies = (
			);
			fileSystemSynchronizedGroups = (
				07FE201C2D0030EA00CE3154 /* trekker-app-ios */,
			);
			name = "trekker-app-ios";
			packageProductDependencies = (
			);
			productName = "trekker-app-ios";
			productReference = 07FE201A2D0030EA00CE3154 /* trekker-app-ios.app */;
			productType = "com.apple.product-type.application";
		};
		07FE20292D0030EB00CE3154 /* trekker-app-iosTests */ = {
			isa = PBXNativeTarget;
			buildConfigurationList = 07FE20412D0030EB00CE3154 /* Build configuration list for PBXNativeTarget "trekker-app-iosTests" */;
			buildPhases = (
				07FE20262D0030EB00CE3154 /* Sources */,
				07FE20272D0030EB00CE3154 /* Frameworks */,
				07FE20282D0030EB00CE3154 /* Resources */,
			);
			buildRules = (
			);
			dependencies = (
				07FE202C2D0030EB00CE3154 /* PBXTargetDependency */,
			);
			fileSystemSynchronizedGroups = (
				07FE202D2D0030EB00CE3154 /* trekker-app-iosTests */,
			);
			name = "trekker-app-iosTests";
			packageProductDependencies = (
			);
			productName = "trekker-app-iosTests";
			productReference = 07FE202A2D0030EB00CE3154 /* trekker-app-iosTests.xctest */;
			productType = "com.apple.product-type.bundle.unit-test";
		};
		07FE20332D0030EB00CE3154 /* trekker-app-iosUITests */ = {
			isa = PBXNativeTarget;
			buildConfigurationList = 07FE20442D0030EB00CE3154 /* Build configuration list for PBXNativeTarget "trekker-app-iosUITests" */;
			buildPhases = (
				07FE20302D0030EB00CE3154 /* Sources */,
				07FE20312D0030EB00CE3154 /* Frameworks */,
				07FE20322D0030EB00CE3154 /* Resources */,
			);
			buildRules = (
			);
			dependencies = (
				07FE20362D0030EB00CE3154 /* PBXTargetDependency */,
			);
			fileSystemSynchronizedGroups = (
				07FE20372D0030EB00CE3154 /* trekker-app-iosUITests */,
			);
			name = "trekker-app-iosUITests";
			packageProductDependencies = (
			);
			productName = "trekker-app-iosUITests";
			productReference = 07FE20342D0030EB00CE3154 /* trekker-app-iosUITests.xctest */;
			productType = "com.apple.product-type.bundle.ui-testing";
		};
/* End PBXNativeTarget section */

/* Begin PBXProject section */
		07FE20122D0030EA00CE3154 /* Project object */ = {
			isa = PBXProject;
			attributes = {
				BuildIndependentTargetsInParallel = 1;
				LastSwiftUpdateCheck = 1610;
				LastUpgradeCheck = 1610;
				TargetAttributes = {
					07FE20192D0030EA00CE3154 = {
						CreatedOnToolsVersion = 16.1;
					};
					07FE20292D0030EB00CE3154 = {
						CreatedOnToolsVersion = 16.1;
						TestTargetID = 07FE20192D0030EA00CE3154;
					};
					07FE20332D0030EB00CE3154 = {
						CreatedOnToolsVersion = 16.1;
						TestTargetID = 07FE20192D0030EA00CE3154;
					};
				};
			};
			buildConfigurationList = 07FE20152D0030EA00CE3154 /* Build configuration list for PBXProject "trekker-app-ios" */;
			developmentRegion = en;
			hasScannedForEncodings = 0;
			knownRegions = (
				en,
				Base,
			);
			mainGroup = 07FE20112D0030EA00CE3154;
			minimizedProjectReferenceProxies = 1;
			preferredProjectObjectVersion = 77;
			productRefGroup = 07FE201B2D0030EA00CE3154 /* Products */;
			projectDirPath = "";
			projectRoot = "";
			targets = (
				07FE20192D0030EA00CE3154 /* trekker-app-ios */,
				07FE20292D0030EB00CE3154 /* trekker-app-iosTests */,
				07FE20332D0030EB00CE3154 /* trekker-app-iosUITests */,
			);
		};
/* End PBXProject section */

/* Begin PBXResourcesBuildPhase section */
		07FE20182D0030EA00CE3154 /* Resources */ = {
			isa = PBXResourcesBuildPhase;
			buildActionMask = 2147483647;
			files = (
			);
			runOnlyForDeploymentPostprocessing = 0;
		};
		07FE20282D0030EB00CE3154 /* Resources */ = {
			isa = PBXResourcesBuildPhase;
			buildActionMask = 2147483647;
			files = (
			);
			runOnlyForDeploymentPostprocessing = 0;
		};
		07FE20322D0030EB00CE3154 /* Resources */ = {
			isa = PBXResourcesBuildPhase;
			buildActionMask = 2147483647;
			files = (
			);
			runOnlyForDeploymentPostprocessing = 0;
		};
/* End PBXResourcesBuildPhase section */

/* Begin PBXSourcesBuildPhase section */
		07FE20162D0030EA00CE3154 /* Sources */ = {
			isa = PBXSourcesBuildPhase;
			buildActionMask = 2147483647;
			files = (
			);
			runOnlyForDeploymentPostprocessing = 0;
		};
		07FE20262D0030EB00CE3154 /* Sources */ = {
			isa = PBXSourcesBuildPhase;
			buildActionMask = 2147483647;
			files = (
			);
			runOnlyForDeploymentPostprocessing = 0;
		};
		07FE20302D0030EB00CE3154 /* Sources */ = {
			isa = PBXSourcesBuildPhase;
			buildActionMask = 2147483647;
			files = (
			);
			runOnlyForDeploymentPostprocessing = 0;
		};
/* End PBXSourcesBuildPhase section */

/* Begin PBXTargetDependency section */
		07FE202C2D0030EB00CE3154 /* PBXTargetDependency */ = {
			isa = PBXTargetDependency;
			target = 07FE20192D0030EA00CE3154 /* trekker-app-ios */;
			targetProxy = 07FE202B2D0030EB00CE3154 /* PBXContainerItemProxy */;
		};
		07FE20362D0030EB00CE3154 /* PBXTargetDependency */ = {
			isa = PBXTargetDependency;
			target = 07FE20192D0030EA00CE3154 /* trekker-app-ios */;
			targetProxy = 07FE20352D0030EB00CE3154 /* PBXContainerItemProxy */;
		};
/* End PBXTargetDependency section */

/* Begin XCBuildConfiguration section */
		07FE203C2D0030EB00CE3154 /* Debug */ = {
			isa = XCBuildConfiguration;
			buildSettings = {
				ALWAYS_SEARCH_USER_PATHS = NO;
				ASSETCATALOG_COMPILER_GENERATE_SWIFT_ASSET_SYMBOL_EXTENSIONS = YES;
				CLANG_ANALYZER_NONNULL = YES;
				CLANG_ANALYZER_NUMBER_OBJECT_CONVERSION = YES_AGGRESSIVE;
				CLANG_CXX_LANGUAGE_STANDARD = "gnu++20";
				CLANG_ENABLE_MODULES = YES;
				CLANG_ENABLE_OBJC_ARC = YES;
				CLANG_ENABLE_OBJC_WEAK = YES;
				CLANG_WARN_BLOCK_CAPTURE_AUTORELEASING = YES;
				CLANG_WARN_BOOL_CONVERSION = YES;
				CLANG_WARN_COMMA = YES;
				CLANG_WARN_CONSTANT_CONVERSION = YES;
				CLANG_WARN_DEPRECATED_OBJC_IMPLEMENTATIONS = YES;
				CLANG_WARN_DIRECT_OBJC_ISA_USAGE = YES_ERROR;
				CLANG_WARN_DOCUMENTATION_COMMENTS = YES;
				CLANG_WARN_EMPTY_BODY = YES;
				CLANG_WARN_ENUM_CONVERSION = YES;
				CLANG_WARN_INFINITE_RECURSION = YES;
				CLANG_WARN_INT_CONVERSION = YES;
				CLANG_WARN_NON_LITERAL_NULL_CONVERSION = YES;
				CLANG_WARN_OBJC_IMPLICIT_RETAIN_SELF = YES;
				CLANG_WARN_OBJC_LITERAL_CONVERSION = YES;
				CLANG_WARN_OBJC_ROOT_CLASS = YES_ERROR;
				CLANG_WARN_QUOTED_INCLUDE_IN_FRAMEWORK_HEADER = YES;
				CLANG_WARN_RANGE_LOOP_ANALYSIS = YES;
				CLANG_WARN_STRICT_PROTOTYPES = YES;
				CLANG_WARN_SUSPICIOUS_MOVE = YES;
				CLANG_WARN_UNGUARDED_AVAILABILITY = YES_AGGRESSIVE;
				CLANG_WARN_UNREACHABLE_CODE = YES;
				CLANG_WARN__DUPLICATE_METHOD_MATCH = YES;
				COPY_PHASE_STRIP = NO;
				DEBUG_INFORMATION_FORMAT = dwarf;
				ENABLE_STRICT_OBJC_MSGSEND = YES;
				ENABLE_TESTABILITY = YES;
				ENABLE_USER_SCRIPT_SANDBOXING = YES;
				GCC_C_LANGUAGE_STANDARD = gnu17;
				GCC_DYNAMIC_NO_PIC = NO;
				GCC_NO_COMMON_BLOCKS = YES;
				GCC_OPTIMIZATION_LEVEL = 0;
				GCC_PREPROCESSOR_DEFINITIONS = (
					"DEBUG=1",
					"$(inherited)",
				);
				GCC_WARN_64_TO_32_BIT_CONVERSION = YES;
				GCC_WARN_ABOUT_RETURN_TYPE = YES_ERROR;
				GCC_WARN_UNDECLARED_SELECTOR = YES;
				GCC_WARN_UNINITIALIZED_AUTOS = YES_AGGRESSIVE;
				GCC_WARN_UNUSED_FUNCTION = YES;
				GCC_WARN_UNUSED_VARIABLE = YES;
				IPHONEOS_DEPLOYMENT_TARGET = 18.1;
				LOCALIZATION_PREFERS_STRING_CATALOGS = YES;
				MTL_ENABLE_DEBUG_INFO = INCLUDE_SOURCE;
				MTL_FAST_MATH = YES;
				ONLY_ACTIVE_ARCH = YES;
				SDKROOT = iphoneos;
				SWIFT_ACTIVE_COMPILATION_CONDITIONS = "DEBUG $(inherited)";
				SWIFT_OPTIMIZATION_LEVEL = "-Onone";
			};
			name = Debug;
		};
		07FE203D2D0030EB00CE3154 /* Release */ = {
			isa = XCBuildConfiguration;
			buildSettings = {
				ALWAYS_SEARCH_USER_PATHS = NO;
				ASSETCATALOG_COMPILER_GENERATE_SWIFT_ASSET_SYMBOL_EXTENSIONS = YES;
				CLANG_ANALYZER_NONNULL = YES;
				CLANG_ANALYZER_NUMBER_OBJECT_CONVERSION = YES_AGGRESSIVE;
				CLANG_CXX_LANGUAGE_STANDARD = "gnu++20";
				CLANG_ENABLE_MODULES = YES;
				CLANG_ENABLE_OBJC_ARC = YES;
				CLANG_ENABLE_OBJC_WEAK = YES;
				CLANG_WARN_BLOCK_CAPTURE_AUTORELEASING = YES;
				CLANG_WARN_BOOL_CONVERSION = YES;
				CLANG_WARN_COMMA = YES;
				CLANG_WARN_CONSTANT_CONVERSION = YES;
				CLANG_WARN_DEPRECATED_OBJC_IMPLEMENTATIONS = YES;
				CLANG_WARN_DIRECT_OBJC_ISA_USAGE = YES_ERROR;
				CLANG_WARN_DOCUMENTATION_COMMENTS = YES;
				CLANG_WARN_EMPTY_BODY = YES;
				CLANG_WARN_ENUM_CONVERSION = YES;
				CLANG_WARN_INFINITE_RECURSION = YES;
				CLANG_WARN_INT_CONVERSION = YES;
				CLANG_WARN_NON_LITERAL_NULL_CONVERSION = YES;
				CLANG_WARN_OBJC_IMPLICIT_RETAIN_SELF = YES;
				CLANG_WARN_OBJC_LITERAL_CONVERSION = YES;
				CLANG_WARN_OBJC_ROOT_CLASS = YES_ERROR;
				CLANG_WARN_QUOTED_INCLUDE_IN_FRAMEWORK_HEADER = YES;
				CLANG_WARN_RANGE_LOOP_ANALYSIS = YES;
				CLANG_WARN_STRICT_PROTOTYPES = YES;
				CLANG_WARN_SUSPICIOUS_MOVE = YES;
				CLANG_WARN_UNGUARDED_AVAILABILITY = YES_AGGRESSIVE;
				CLANG_WARN_UNREACHABLE_CODE = YES;
				CLANG_WARN__DUPLICATE_METHOD_MATCH = YES;
				COPY_PHASE_STRIP = NO;
				DEBUG_INFORMATION_FORMAT = "dwarf-with-dsym";
				ENABLE_NS_ASSERTIONS = NO;
				ENABLE_STRICT_OBJC_MSGSEND = YES;
				ENABLE_USER_SCRIPT_SANDBOXING = YES;
				GCC_C_LANGUAGE_STANDARD = gnu17;
				GCC_NO_COMMON_BLOCKS = YES;
				GCC_WARN_64_TO_32_BIT_CONVERSION = YES;
				GCC_WARN_ABOUT_RETURN_TYPE = YES_ERROR;
				GCC_WARN_UNDECLARED_SELECTOR = YES;
				GCC_WARN_UNINITIALIZED_AUTOS = YES_AGGRESSIVE;
				GCC_WARN_UNUSED_FUNCTION = YES;
				GCC_WARN_UNUSED_VARIABLE = YES;
				IPHONEOS_DEPLOYMENT_TARGET = 18.1;
				LOCALIZATION_PREFERS_STRING_CATALOGS = YES;
				MTL_ENABLE_DEBUG_INFO = NO;
				MTL_FAST_MATH = YES;
				SDKROOT = iphoneos;
				SWIFT_COMPILATION_MODE = wholemodule;
				VALIDATE_PRODUCT = YES;
			};
			name = Release;
		};
		07FE203F2D0030EB00CE3154 /* Debug */ = {
			isa = XCBuildConfiguration;
			buildSettings = {
				ASSETCATALOG_COMPILER_APPICON_NAME = AppIcon;
				ASSETCATALOG_COMPILER_GLOBAL_ACCENT_COLOR_NAME = AccentColor;
				CODE_SIGN_STYLE = Automatic;
				CURRENT_PROJECT_VERSION = 1;
				DEVELOPMENT_ASSET_PATHS = "\"trekker-app-ios/Preview Content\"";
				ENABLE_PREVIEWS = YES;
				GENERATE_INFOPLIST_FILE = YES;
				INFOPLIST_KEY_UIApplicationSceneManifest_Generation = YES;
				INFOPLIST_KEY_UIApplicationSupportsIndirectInputEvents = YES;
				INFOPLIST_KEY_UILaunchScreen_Generation = YES;
				INFOPLIST_KEY_UISupportedInterfaceOrientations_iPad = "UIInterfaceOrientationPortrait UIInterfaceOrientationPortraitUpsideDown UIInterfaceOrientationLandscapeLeft UIInterfaceOrientationLandscapeRight";
				INFOPLIST_KEY_UISupportedInterfaceOrientations_iPhone = "UIInterfaceOrientationPortrait UIInterfaceOrientationLandscapeLeft UIInterfaceOrientationLandscapeRight";
				LD_RUNPATH_SEARCH_PATHS = (
					"$(inherited)",
					"@executable_path/Frameworks",
				);
				MARKETING_VERSION = 1.0;
				PRODUCT_BUNDLE_IDENTIFIER = "com.hamad.trekker-app-ios";
				PRODUCT_NAME = "$(TARGET_NAME)";
				SWIFT_EMIT_LOC_STRINGS = YES;
				SWIFT_VERSION = 5.0;
				TARGETED_DEVICE_FAMILY = "1,2";
			};
			name = Debug;
		};
		07FE20402D0030EB00CE3154 /* Release */ = {
			isa = XCBuildConfiguration;
			buildSettings = {
				ASSETCATALOG_COMPILER_APPICON_NAME = AppIcon;
				ASSETCATALOG_COMPILER_GLOBAL_ACCENT_COLOR_NAME = AccentColor;
				CODE_SIGN_STYLE = Automatic;
				CURRENT_PROJECT_VERSION = 1;
				DEVELOPMENT_ASSET_PATHS = "\"trekker-app-ios/Preview Content\"";
				ENABLE_PREVIEWS = YES;
				GENERATE_INFOPLIST_FILE = YES;
				INFOPLIST_KEY_UIApplicationSceneManifest_Generation = YES;
				INFOPLIST_KEY_UIApplicationSupportsIndirectInputEvents = YES;
				INFOPLIST_KEY_UILaunchScreen_Generation = YES;
				INFOPLIST_KEY_UISupportedInterfaceOrientations_iPad = "UIInterfaceOrientationPortrait UIInterfaceOrientationPortraitUpsideDown UIInterfaceOrientationLandscapeLeft UIInterfaceOrientationLandscapeRight";
				INFOPLIST_KEY_UISupportedInterfaceOrientations_iPhone = "UIInterfaceOrientationPortrait UIInterfaceOrientationLandscapeLeft UIInterfaceOrientationLandscapeRight";
				LD_RUNPATH_SEARCH_PATHS = (
					"$(inherited)",
					"@executable_path/Frameworks",
				);
				MARKETING_VERSION = 1.0;
				PRODUCT_BUNDLE_IDENTIFIER = "com.hamad.trekker-app-ios";
				PRODUCT_NAME = "$(TARGET_NAME)";
				SWIFT_EMIT_LOC_STRINGS = YES;
				SWIFT_VERSION = 5.0;
				TARGETED_DEVICE_FAMILY = "1,2";
			};
			name = Release;
		};
		07FE20422D0030EB00CE3154 /* Debug */ = {
			isa = XCBuildConfiguration;
			buildSettings = {
				BUNDLE_LOADER = "$(TEST_HOST)";
				CODE_SIGN_STYLE = Automatic;
				CURRENT_PROJECT_VERSION = 1;
				GENERATE_INFOPLIST_FILE = YES;
				IPHONEOS_DEPLOYMENT_TARGET = 18.1;
				MARKETING_VERSION = 1.0;
				PRODUCT_BUNDLE_IDENTIFIER = "com.hamad.trekker-app-iosTests";
				PRODUCT_NAME = "$(TARGET_NAME)";
				SWIFT_EMIT_LOC_STRINGS = NO;
				SWIFT_VERSION = 5.0;
				TARGETED_DEVICE_FAMILY = "1,2";
				TEST_HOST = "$(BUILT_PRODUCTS_DIR)/trekker-app-ios.app/$(BUNDLE_EXECUTABLE_FOLDER_PATH)/trekker-app-ios";
			};
			name = Debug;
		};
		07FE20432D0030EB00CE3154 /* Release */ = {
			isa = XCBuildConfiguration;
			buildSettings = {
				BUNDLE_LOADER = "$(TEST_HOST)";
				CODE_SIGN_STYLE = Automatic;
				CURRENT_PROJECT_VERSION = 1;
				GENERATE_INFOPLIST_FILE = YES;
				IPHONEOS_DEPLOYMENT_TARGET = 18.1;
				MARKETING_VERSION = 1.0;
				PRODUCT_BUNDLE_IDENTIFIER = "com.hamad.trekker-app-iosTests";
				PRODUCT_NAME = "$(TARGET_NAME)";
				SWIFT_EMIT_LOC_STRINGS = NO;
				SWIFT_VERSION = 5.0;
				TARGETED_DEVICE_FAMILY = "1,2";
				TEST_HOST = "$(BUILT_PRODUCTS_DIR)/trekker-app-ios.app/$(BUNDLE_EXECUTABLE_FOLDER_PATH)/trekker-app-ios";
			};
			name = Release;
		};
		07FE20452D0030EB00CE3154 /* Debug */ = {
			isa = XCBuildConfiguration;
			buildSettings = {
				CODE_SIGN_STYLE = Automatic;
				CURRENT_PROJECT_VERSION = 1;
				GENERATE_INFOPLIST_FILE = YES;
				MARKETING_VERSION = 1.0;
				PRODUCT_BUNDLE_IDENTIFIER = "com.hamad.trekker-app-iosUITests";
				PRODUCT_NAME = "$(TARGET_NAME)";
				SWIFT_EMIT_LOC_STRINGS = NO;
				SWIFT_VERSION = 5.0;
				TARGETED_DEVICE_FAMILY = "1,2";
				TEST_TARGET_NAME = "trekker-app-ios";
			};
			name = Debug;
		};
		07FE20462D0030EB00CE3154 /* Release */ = {
			isa = XCBuildConfiguration;
			buildSettings = {
				CODE_SIGN_STYLE = Automatic;
				CURRENT_PROJECT_VERSION = 1;
				GENERATE_INFOPLIST_FILE = YES;
				MARKETING_VERSION = 1.0;
				PRODUCT_BUNDLE_IDENTIFIER = "com.hamad.trekker-app-iosUITests";
				PRODUCT_NAME = "$(TARGET_NAME)";
				SWIFT_EMIT_LOC_STRINGS = NO;
				SWIFT_VERSION = 5.0;
				TARGETED_DEVICE_FAMILY = "1,2";
				TEST_TARGET_NAME = "trekker-app-ios";
			};
			name = Release;
		};
/* End XCBuildConfiguration section */

/* Begin XCConfigurationList section */
		07FE20152D0030EA00CE3154 /* Build configuration list for PBXProject "trekker-app-ios" */ = {
			isa = XCConfigurationList;
			buildConfigurations = (
				07FE203C2D0030EB00CE3154 /* Debug */,
				07FE203D2D0030EB00CE3154 /* Release */,
			);
			defaultConfigurationIsVisible = 0;
			defaultConfigurationName = Release;
		};
		07FE203E2D0030EB00CE3154 /* Build configuration list for PBXNativeTarget "trekker-app-ios" */ = {
			isa = XCConfigurationList;
			buildConfigurations = (
				07FE203F2D0030EB00CE3154 /* Debug */,
				07FE20402D0030EB00CE3154 /* Release */,
			);
			defaultConfigurationIsVisible = 0;
			defaultConfigurationName = Release;
		};
		07FE20412D0030EB00CE3154 /* Build configuration list for PBXNativeTarget "trekker-app-iosTests" */ = {
			isa = XCConfigurationList;
			buildConfigurations = (
				07FE20422D0030EB00CE3154 /* Debug */,
				07FE20432D0030EB00CE3154 /* Release */,
			);
			defaultConfigurationIsVisible = 0;
			defaultConfigurationName = Release;
		};
		07FE20442D0030EB00CE3154 /* Build configuration list for PBXNativeTarget "trekker-app-iosUITests" */ = {
			isa = XCConfigurationList;
			buildConfigurations = (
				07FE20452D0030EB00CE3154 /* Debug */,
				07FE20462D0030EB00CE3154 /* Release */,
			);
			defaultConfigurationIsVisible = 0;
			defaultConfigurationName = Release;
		};
/* End XCConfigurationList section */
	};
	rootObject = 07FE20122D0030EA00CE3154 /* Project object */;
}
